{
  "version": "4",
  "specifiers": {
    "jsr:@deno/cache-dir@0.17": "0.17.0",
    "jsr:@deno/graph@0.86": "0.86.9",
    "jsr:@deno/graph@~0.87.3": "0.87.3",
    "jsr:@std/assert@^1.0.11": "1.0.11",
    "jsr:@std/async@^1.0.10": "1.0.11",
    "jsr:@std/bytes@^1.0.5": "1.0.5",
    "jsr:@std/cli@^1.0.11": "1.0.14",
    "jsr:@std/fmt@^1.0.3": "1.0.6",
    "jsr:@std/fmt@^1.0.4": "1.0.6",
    "jsr:@std/fmt@^1.0.6": "1.0.6",
    "jsr:@std/fs@^1.0.14": "1.0.14",
    "jsr:@std/fs@^1.0.6": "1.0.14",
    "jsr:@std/internal@^1.0.5": "1.0.5",
    "jsr:@std/io@0.225": "0.225.2",
    "jsr:@std/path@^1.0.8": "1.0.8",
    "jsr:@std/semver@^1.0.4": "1.0.4",
    "jsr:@wok/case@^1.0.2": "1.0.2",
    "jsr:@wok/schema@^2.2.0": "2.2.0",
    "jsr:@wok/typebox@^1.1.0": "1.1.0",
    "jsr:@wok/utils@^4.2.9": "4.2.9",
    "npm:@sinclair/typebox@~0.34.13": "0.34.30",
    "npm:type-fest@^4.32.0": "4.37.0",
    "npm:type-fest@^4.33.0": "4.37.0",
    "npm:type-fest@^4.37.0": "4.37.0",
    "npm:typescript@^5.8.2": "5.8.2"
  },
  "jsr": {
    "@deno/cache-dir@0.17.0": {
      "integrity": "c3fca070e1727a30a67352fdbb994fc8125c19c536a536cee8aba741e91eb1de",
      "dependencies": [
        "jsr:@deno/graph@0.86",
        "jsr:@std/fmt@^1.0.3",
        "jsr:@std/fs@^1.0.6",
        "jsr:@std/io",
        "jsr:@std/path"
      ]
    },
    "@deno/graph@0.86.9": {
      "integrity": "c4f353a695bcc5246c099602977dabc6534eacea9999a35a8cb24e807192e6a1"
    },
    "@deno/graph@0.87.3": {
      "integrity": "6d5c17966f396b118fa33d90adef0e4489bcb595df0f0c18aecdf9be60f7550a"
    },
    "@std/assert@1.0.11": {
      "integrity": "2461ef3c368fe88bc60e186e7744a93112f16fd110022e113a0849e94d1c83c1",
      "dependencies": [
        "jsr:@std/internal"
      ]
    },
    "@std/async@1.0.11": {
      "integrity": "eee0d3405275506638a9c8efaa849cf0d35873120c69b7caa1309c9a9e5b6f85"
    },
    "@std/bytes@1.0.5": {
      "integrity": "4465dd739d7963d964c809202ebea6d5c6b8e3829ef25c6a224290fbb8a1021e"
    },
    "@std/cli@1.0.14": {
      "integrity": "b09ee9921cd476c0e08185ed2bfce682d45ecf4654f26c31b4aa244a2c5c024e"
    },
    "@std/fmt@1.0.6": {
      "integrity": "a2c56a69a2369876ddb3ad6a500bb6501b5bad47bb3ea16bfb0c18974d2661fc"
    },
    "@std/fs@1.0.14": {
      "integrity": "1e84bf0b95fe08f41f1f4aea9717bbf29f45408a56ce073b0114474ce1c9fccf",
      "dependencies": [
        "jsr:@std/path"
      ]
    },
    "@std/internal@1.0.5": {
      "integrity": "54a546004f769c1ac9e025abd15a76b6671ddc9687e2313b67376125650dc7ba"
    },
    "@std/io@0.225.2": {
      "integrity": "3c740cd4ee4c082e6cfc86458f47e2ab7cb353dc6234d5e9b1f91a2de5f4d6c7",
      "dependencies": [
        "jsr:@std/bytes"
      ]
    },
    "@std/path@1.0.8": {
      "integrity": "548fa456bb6a04d3c1a1e7477986b6cffbce95102d0bb447c67c4ee70e0364be"
    },
    "@std/semver@1.0.4": {
      "integrity": "a62af791917d8fd6c48d6ebbb872f83fad3fc6671ffadbbd39ea229c2d34d175"
    },
    "@wok/case@1.0.2": {
      "integrity": "5d7c4da6ac87a372d603c6ab6fb0e07ec74d4a712c3cb9051961a0892b1f3090"
    },
    "@wok/schema@2.2.0": {
      "integrity": "c62676c83ef3a8cb40ff8860bf8a076dd25b4940381ae0da1e548acee230ec5a",
      "dependencies": [
        "jsr:@wok/typebox",
        "npm:type-fest@^4.32.0"
      ]
    },
    "@wok/typebox@1.1.0": {
      "integrity": "09a56923782648ae74d54a4839e808fa0b3bbef17c0b0879d654f42cc8b20b2e",
      "dependencies": [
        "npm:@sinclair/typebox"
      ]
    },
    "@wok/utils@4.2.9": {
      "integrity": "85e9c1df98474ad352199a4555c60235a34021bba5eb2844b32d3982de3f3019",
      "dependencies": [
        "jsr:@std/assert",
        "jsr:@std/async",
        "jsr:@std/cli",
        "jsr:@std/fmt@^1.0.4",
        "jsr:@std/internal",
        "jsr:@wok/case",
        "jsr:@wok/schema",
        "jsr:@wok/typebox",
        "npm:type-fest@^4.33.0"
      ]
    }
  },
  "npm": {
    "@sinclair/typebox@0.34.30": {
      "integrity": "sha512-gFB3BiqjDxEoadW0zn+xyMVb7cLxPCoblVn2C/BKpI41WPYi2d6fwHAlynPNZ5O/Q4WEiujdnJzVtvG/Jc2CBQ=="
    },
    "type-fest@4.37.0": {
      "integrity": "sha512-S/5/0kFftkq27FPNye0XM1e2NsnoD/3FS+pBmbjmmtLT6I+i344KoOf7pvXreaFsDamWeaJX55nczA1m5PsBDg=="
    },
    "typescript@5.8.2": {
      "integrity": "sha512-aJn6wq13/afZp/jT9QZmwEjDqqvSGp1VT5GVg+f/t6/oVyrgXM6BY1h9BRh/O5p3PlUPAe+WuiEZOmb/49RqoQ=="
    }
  },
  "remote": {
    "https://deno.land/x/dir@1.5.1/data_local_dir/mod.ts": "91eb1c4bfadfbeda30171007bac6d85aadacd43224a5ed721bbe56bc64e9eb66",
    "https://deno.land/x/import_map@v0.21.0/import_map.generated.js": "fdd66141ecc2ac25ca6c73d4a598d86cb6dbbd21b98c372884b1330bc027146c",
    "https://deno.land/x/import_map@v0.21.0/mod.ts": "b074650942b9cca0bd1a5a2c354338f844f93b0ae01de10a14718415d7f370f7",
    "https://deno.land/x/wasmbuild@0.15.1/cache.ts": "9d01b5cb24e7f2a942bbd8d14b093751fa690a6cde8e21709ddc97667e6669ed",
    "https://deno.land/x/wasmbuild@0.15.1/loader.ts": "8c2fc10e21678e42f84c5135d8ab6ab7dc92424c3f05d2354896a29ccfd02a63"
  },
  "workspace": {
    "dependencies": [
      "jsr:@deno/cache-dir@0.17",
      "jsr:@deno/graph@~0.87.3",
      "jsr:@std/assert@^1.0.11",
      "jsr:@std/fmt@^1.0.6",
      "jsr:@std/fs@^1.0.14",
      "jsr:@std/path@^1.0.8",
      "jsr:@std/semver@^1.0.4",
      "jsr:@wok/case@^1.0.2",
      "jsr:@wok/deup@^2.1.2",
      "jsr:@wok/schema@^2.2.0",
      "jsr:@wok/typebox@^1.1.0",
      "jsr:@wok/utils@^4.2.9",
      "npm:type-fest@^4.37.0",
      "npm:typescript@^5.8.2"
    ]
  }
}
