{
  "version": "4",
  "specifiers": {
    "jsr:@cliffy/table@^1.0.0-rc.7": "1.0.0-rc.7",
    "jsr:@deno/cache-dir@0.13.2": "0.13.2",
    "jsr:@deno/cache-dir@0.17": "0.17.0",
    "jsr:@deno/emit@0.46": "0.46.0",
    "jsr:@deno/graph@0.86": "0.86.9",
    "jsr:@deno/graph@~0.73.1": "0.73.1",
    "jsr:@deno/graph@~0.87.2": "0.87.2",
    "jsr:@std/assert@0.223": "0.223.0",
    "jsr:@std/assert@^1.0.10": "1.0.11",
    "jsr:@std/assert@^1.0.11": "1.0.11",
    "jsr:@std/async@^1.0.9": "1.0.9",
    "jsr:@std/bytes@0.223": "0.223.0",
    "jsr:@std/bytes@^1.0.3": "1.0.4",
    "jsr:@std/bytes@^1.0.4": "1.0.4",
    "jsr:@std/cli@^1.0.10": "1.0.10",
    "jsr:@std/data-structures@^1.0.6": "1.0.6",
    "jsr:@std/fmt@*": "1.0.4",
    "jsr:@std/fmt@0.223": "0.223.0",
    "jsr:@std/fmt@^1.0.3": "1.0.4",
    "jsr:@std/fmt@^1.0.4": "1.0.4",
    "jsr:@std/fmt@~1.0.2": "1.0.4",
    "jsr:@std/fs@0.223": "0.223.0",
    "jsr:@std/fs@^1.0.10": "1.0.10",
    "jsr:@std/fs@^1.0.6": "1.0.10",
    "jsr:@std/internal@^1.0.5": "1.0.5",
    "jsr:@std/io@0.223": "0.223.0",
    "jsr:@std/io@0.225": "0.225.1",
    "jsr:@std/path@0.223": "0.223.0",
    "jsr:@std/path@^1.0.8": "1.0.8",
    "jsr:@std/streams@^1.0.8": "1.0.8",
    "jsr:@std/yaml@^1.0.5": "1.0.5",
    "jsr:@wok/case@^1.0.2": "1.0.2",
    "jsr:@wok/schema@^2.2.0": "2.2.0",
    "jsr:@wok/typebox@^1.1.0": "1.1.0",
    "jsr:@wok/utils@^4.2.4": "4.2.4",
    "npm:@sinclair/typebox@~0.34.13": "0.34.14",
    "npm:type-fest@^4.32.0": "4.33.0",
    "npm:typescript@^5.7.3": "5.7.3"
  },
  "jsr": {
    "@cliffy/table@1.0.0-rc.7": {
      "integrity": "9fdd9776eda28a0b397981c400eeb1aa36da2371b43eefe12e6ff555290e3180",
      "dependencies": [
        "jsr:@std/fmt@~1.0.2"
      ]
    },
    "@deno/cache-dir@0.13.2": {
      "integrity": "c22419dfe27ab85f345bee487aaaadba498b005cce3644e9d2528db035c5454d",
      "dependencies": [
        "jsr:@deno/graph@~0.73.1",
        "jsr:@std/fmt@0.223",
        "jsr:@std/fs@0.223",
        "jsr:@std/io@0.223",
        "jsr:@std/path@0.223"
      ]
    },
    "@deno/cache-dir@0.17.0": {
      "integrity": "c3fca070e1727a30a67352fdbb994fc8125c19c536a536cee8aba741e91eb1de",
      "dependencies": [
        "jsr:@deno/graph@0.86",
        "jsr:@std/fmt@^1.0.3",
        "jsr:@std/fs@^1.0.6",
        "jsr:@std/io@0.225",
        "jsr:@std/path@^1.0.8"
      ]
    },
    "@deno/emit@0.46.0": {
      "integrity": "e276be2c77bac1b93caf775762e2a49a54cb00da2d48ca2b01ed8d7cba9d082c",
      "dependencies": [
        "jsr:@deno/cache-dir@0.13.2",
        "jsr:@std/path@0.223"
      ]
    },
    "@deno/graph@0.73.1": {
      "integrity": "cd69639d2709d479037d5ce191a422eabe8d71bb68b0098344f6b07411c84d41"
    },
    "@deno/graph@0.86.9": {
      "integrity": "c4f353a695bcc5246c099602977dabc6534eacea9999a35a8cb24e807192e6a1"
    },
    "@deno/graph@0.87.2": {
      "integrity": "8b491bb0a1f2095d6fc0f2b354a537e99eddba54d7e756924529c324fcde108e"
    },
    "@std/assert@0.223.0": {
      "integrity": "eb8d6d879d76e1cc431205bd346ed4d88dc051c6366365b1af47034b0670be24"
    },
    "@std/assert@1.0.11": {
      "integrity": "2461ef3c368fe88bc60e186e7744a93112f16fd110022e113a0849e94d1c83c1",
      "dependencies": [
        "jsr:@std/internal"
      ]
    },
    "@std/async@1.0.9": {
      "integrity": "c6472fd0623b3f3daae023cdf7ca5535e1b721dfbf376562c0c12b3fb4867f91"
    },
    "@std/bytes@0.223.0": {
      "integrity": "84b75052cd8680942c397c2631318772b295019098f40aac5c36cead4cba51a8"
    },
    "@std/bytes@1.0.4": {
      "integrity": "11a0debe522707c95c7b7ef89b478c13fb1583a7cfb9a85674cd2cc2e3a28abc"
    },
    "@std/cli@1.0.10": {
      "integrity": "d047f6f4954a5c2827fe0963765ddd3d8b6cc7b7518682842645b95f571539dc"
    },
    "@std/data-structures@1.0.6": {
      "integrity": "76a7fd8080c66604c0496220a791860492ab21a04a63a969c0b9a0609bbbb760"
    },
    "@std/fmt@0.223.0": {
      "integrity": "6deb37794127dfc7d7bded2586b9fc6f5d50e62a8134846608baf71ffc1a5208"
    },
    "@std/fmt@1.0.4": {
      "integrity": "e14fe5bedee26f80877e6705a97a79c7eed599e81bb1669127ef9e8bc1e29a74"
    },
    "@std/fs@0.223.0": {
      "integrity": "3b4b0550b2c524cbaaa5a9170c90e96cbb7354e837ad1bdaf15fc9df1ae9c31c"
    },
    "@std/fs@1.0.10": {
      "integrity": "bf041f9d7a0a460817f0421be8946d0e06011b3433e6c83a215628de5e3c7c2c",
      "dependencies": [
        "jsr:@std/path@^1.0.8"
      ]
    },
    "@std/internal@1.0.5": {
      "integrity": "54a546004f769c1ac9e025abd15a76b6671ddc9687e2313b67376125650dc7ba"
    },
    "@std/io@0.223.0": {
      "integrity": "2d8c3c2ab3a515619b90da2c6ff5ea7b75a94383259ef4d02116b228393f84f1",
      "dependencies": [
        "jsr:@std/assert@0.223",
        "jsr:@std/bytes@0.223"
      ]
    },
    "@std/io@0.225.1": {
      "integrity": "0a055fa523288d596f09ba11af5e006f17cecc75bab949b233ceba7eba40293e",
      "dependencies": [
        "jsr:@std/bytes@^1.0.4"
      ]
    },
    "@std/path@0.223.0": {
      "integrity": "593963402d7e6597f5a6e620931661053572c982fc014000459edc1f93cc3989",
      "dependencies": [
        "jsr:@std/assert@0.223"
      ]
    },
    "@std/path@1.0.8": {
      "integrity": "548fa456bb6a04d3c1a1e7477986b6cffbce95102d0bb447c67c4ee70e0364be"
    },
    "@std/streams@1.0.8": {
      "integrity": "b41332d93d2cf6a82fe4ac2153b930adf1a859392931e2a19d9fabfb6f154fb3",
      "dependencies": [
        "jsr:@std/bytes@^1.0.3"
      ]
    },
    "@std/yaml@1.0.5": {
      "integrity": "71ba3d334305ee2149391931508b2c293a8490f94a337eef3a09cade1a2a2742"
    },
    "@wok/case@1.0.2": {
      "integrity": "5d7c4da6ac87a372d603c6ab6fb0e07ec74d4a712c3cb9051961a0892b1f3090"
    },
    "@wok/schema@2.2.0": {
      "integrity": "c62676c83ef3a8cb40ff8860bf8a076dd25b4940381ae0da1e548acee230ec5a",
      "dependencies": [
        "jsr:@wok/typebox",
        "npm:type-fest"
      ]
    },
    "@wok/typebox@1.1.0": {
      "integrity": "09a56923782648ae74d54a4839e808fa0b3bbef17c0b0879d654f42cc8b20b2e",
      "dependencies": [
        "npm:@sinclair/typebox"
      ]
    },
    "@wok/utils@4.2.4": {
      "integrity": "6b732536df797ad25ba1333bae52b36532076296e2893a691cfe1dcd7ac9e8b8",
      "dependencies": [
        "jsr:@cliffy/table",
        "jsr:@std/assert@^1.0.10",
        "jsr:@std/async",
        "jsr:@std/cli",
        "jsr:@std/data-structures",
        "jsr:@std/fmt@^1.0.4",
        "jsr:@std/internal",
        "jsr:@std/path@^1.0.8",
        "jsr:@std/streams",
        "jsr:@std/yaml",
        "jsr:@wok/case",
        "jsr:@wok/schema",
        "jsr:@wok/typebox",
        "npm:type-fest"
      ]
    }
  },
  "npm": {
    "@sinclair/typebox@0.34.14": {
      "integrity": "sha512-TJ7Al17j3+by5y2QkTLcF/oBVMbgXBhILVgi9PuwpxQVZZvGh5BFRzWbJPmZVNKpbRLjuMzFuRwR+tdFPqCkvA=="
    },
    "type-fest@4.33.0": {
      "integrity": "sha512-s6zVrxuyKbbAsSAD5ZPTB77q4YIdRctkTbJ2/Dqlinwz+8ooH2gd+YA7VA6Pa93KML9GockVvoxjZ2vHP+mu8g=="
    },
    "typescript@5.7.3": {
      "integrity": "sha512-84MVSjMEHP+FQRPy3pX9sTVV/INIex71s9TL2Gm5FG/WG1SqXeKyZ0k7/blY/4FdOzI12CBy1vGc4og/eus0fw=="
    }
  },
  "remote": {
    "https://deno.land/x/dir@1.5.1/data_local_dir/mod.ts": "91eb1c4bfadfbeda30171007bac6d85aadacd43224a5ed721bbe56bc64e9eb66",
    "https://deno.land/x/import_map@v0.18.3/import_map.generated.js": "48f4ff137e65f32a16b35112b15e4afbddb99bff0cb25737e476e4f5ce12ea98",
    "https://deno.land/x/import_map@v0.18.3/mod.ts": "dd4c4e20639dcfd720a6d41f47bea250db86137901a08988102094678c6b7859",
    "https://deno.land/x/import_map@v0.20.1/import_map.generated.js": "90fb4e96e45720520d48053379975b94990534624a81095815a7d6dce692775a",
    "https://deno.land/x/import_map@v0.20.1/mod.ts": "b074650942b9cca0bd1a5a2c354338f844f93b0ae01de10a14718415d7f370f7",
    "https://deno.land/x/import_map@v0.21.0/import_map.generated.js": "fdd66141ecc2ac25ca6c73d4a598d86cb6dbbd21b98c372884b1330bc027146c",
    "https://deno.land/x/import_map@v0.21.0/mod.ts": "b074650942b9cca0bd1a5a2c354338f844f93b0ae01de10a14718415d7f370f7",
    "https://deno.land/x/wasmbuild@0.15.1/cache.ts": "9d01b5cb24e7f2a942bbd8d14b093751fa690a6cde8e21709ddc97667e6669ed",
    "https://deno.land/x/wasmbuild@0.15.1/loader.ts": "8c2fc10e21678e42f84c5135d8ab6ab7dc92424c3f05d2354896a29ccfd02a63"
  },
  "workspace": {
    "dependencies": [
      "jsr:@deno/cache-dir@0.17",
      "jsr:@deno/emit@0.46",
      "jsr:@deno/graph@~0.87.2",
      "jsr:@std/assert@^1.0.11",
      "jsr:@std/fmt@^1.0.4",
      "jsr:@std/fs@^1.0.10",
      "jsr:@std/path@^1.0.8",
      "jsr:@wok/case@^1.0.2",
      "jsr:@wok/schema@^2.2.0",
      "jsr:@wok/typebox@^1.1.0",
      "jsr:@wok/utils@^4.2.4",
      "npm:typescript@^5.7.3"
    ]
  }
}
