{
  "version": "4",
  "specifiers": {
    "jsr:@std/assert@^1.0.3": "jsr:@std/assert@1.0.3",
    "jsr:@std/async@^1.0.4": "jsr:@std/async@1.0.4",
    "jsr:@std/bytes@^1.0.2": "jsr:@std/bytes@1.0.2",
    "jsr:@std/cli@^1.0.4": "jsr:@std/cli@1.0.4",
    "jsr:@std/fmt": "jsr:@std/fmt@1.0.1",
    "jsr:@std/fmt@^1.0.1": "jsr:@std/fmt@1.0.1",
    "jsr:@std/fs@^1.0.2": "jsr:@std/fs@1.0.2",
    "jsr:@std/internal@^1.0.2": "jsr:@std/internal@1.0.2",
    "jsr:@std/path@^1.0.3": "jsr:@std/path@1.0.3",
    "jsr:@std/streams@^1.0.3": "jsr:@std/streams@1.0.3",
    "jsr:@wok/case@^1.0.1": "jsr:@wok/case@1.0.1",
    "jsr:@wok/typebox@^0.33.7": "jsr:@wok/typebox@0.33.7",
    "jsr:@wok/utils@^1.11.1": "jsr:@wok/utils@1.12.0",
    "jsr:@wok/utils@^1.12.0": "jsr:@wok/utils@1.12.0",
    "npm:@sinclair/typebox@^0.33.7": "npm:@sinclair/typebox@0.33.9",
    "npm:typescript@^5.5.4": "npm:typescript@5.5.4"
  },
  "jsr": {
    "@std/assert@1.0.3": {
      "integrity": "b0d03ce1ced880df67132eea140623010d415848df66f6aa5df76507ca7c26d8",
      "dependencies": [
        "jsr:@std/internal"
      ]
    },
    "@std/async@1.0.4": {
      "integrity": "373f5168a01b46ecaabc785d4e0f9ef18a010ab867af069fb905d93a9129ae5b"
    },
    "@std/bytes@1.0.2": {
      "integrity": "fbdee322bbd8c599a6af186a1603b3355e59a5fb1baa139f8f4c3c9a1b3e3d57"
    },
    "@std/cli@1.0.4": {
      "integrity": "79ca75add572a99a8ba93ae37ccbd8d43fb4e2b635a8a7ebebb4f2d092048764"
    },
    "@std/fmt@1.0.1": {
      "integrity": "ef76c37faa7720faa8c20fd8cc74583f9b1e356dfd630c8714baa716a45856ab"
    },
    "@std/fs@1.0.2": {
      "integrity": "af57555c7a224a6f147d5cced5404692974f7a628ced8eda67e0d22d92d474ec",
      "dependencies": [
        "jsr:@std/path"
      ]
    },
    "@std/internal@1.0.2": {
      "integrity": "f4cabe2021352e8bfc24e6569700df87bf070914fc38d4b23eddd20108ac4495"
    },
    "@std/path@1.0.3": {
      "integrity": "cd89d014ce7eb3742f2147b990f6753ee51d95276bfc211bc50c860c1bc7df6f"
    },
    "@std/streams@1.0.3": {
      "integrity": "d62e645ab981cee2c3d03040eb03cf387fc6bceef6d4564f3ed485a43741a81f",
      "dependencies": [
        "jsr:@std/bytes"
      ]
    },
    "@wok/case@1.0.1": {
      "integrity": "409e94f961f5b278992bace87a0c7d3c6a3db516d01759bdb827d9ae4d75e9aa"
    },
    "@wok/typebox@0.33.7": {
      "integrity": "307c3959b8da7eb21b926dc4a47ae953e5124fc1db059477bbb8b1bb51810ccf",
      "dependencies": [
        "npm:@sinclair/typebox"
      ]
    },
    "@wok/utils@1.12.0": {
      "integrity": "752c2100eb0902c267236b46f77af5a32c385e960883192a95a931a29f739fd3",
      "dependencies": [
        "jsr:@std/assert",
        "jsr:@std/async",
        "jsr:@std/cli",
        "jsr:@std/fmt@^1.0.1",
        "jsr:@std/internal",
        "jsr:@std/streams",
        "jsr:@wok/case",
        "jsr:@wok/typebox"
      ]
    }
  },
  "npm": {
    "@sinclair/typebox@0.33.9": {
      "integrity": "sha512-agK7y8hO5Gz4Thu5kxTtLiZudNRflR1rTwmnWW5skxMd/+aqQ9XQene8HyyBsiajs5HV6ZQ/pCd3IKsqIfu4Kw=="
    },
    "typescript@5.5.4": {
      "integrity": "sha512-Mtq29sKDAEYP7aljRgtPOpTvOfbwRWlS6dPRzwjdE+C0R4brX/GUyhHSecbHMFLNBLcJIPt9nl9yG5TZ1weH+Q=="
    }
  },
  "remote": {
    "https://deno.land/x/dir@1.5.1/data_local_dir/mod.ts": "91eb1c4bfadfbeda30171007bac6d85aadacd43224a5ed721bbe56bc64e9eb66",
    "https://deno.land/x/import_map@v0.20.1/import_map.generated.js": "90fb4e96e45720520d48053379975b94990534624a81095815a7d6dce692775a",
    "https://deno.land/x/import_map@v0.20.1/mod.ts": "b074650942b9cca0bd1a5a2c354338f844f93b0ae01de10a14718415d7f370f7",
    "https://deno.land/x/wasmbuild@0.15.1/cache.ts": "9d01b5cb24e7f2a942bbd8d14b093751fa690a6cde8e21709ddc97667e6669ed",
    "https://deno.land/x/wasmbuild@0.15.1/loader.ts": "8c2fc10e21678e42f84c5135d8ab6ab7dc92424c3f05d2354896a29ccfd02a63"
  },
  "workspace": {
    "dependencies": [
      "jsr:@std/assert@^1.0.3",
      "jsr:@std/fmt@^1.0.1",
      "jsr:@std/fs@^1.0.2",
      "jsr:@std/path@^1.0.3",
      "jsr:@wok/typebox@^0.33.7",
      "jsr:@wok/utils@^1.12.0",
      "npm:typescript@^5.5.4"
    ]
  }
}
