{
  "version": "2",
  "remote": {
    "https://deno.land/std@0.140.0/_util/assert.ts": "e94f2eb37cebd7f199952e242c77654e43333c1ac4c5c700e929ea3aa5489f74",
    "https://deno.land/std@0.140.0/flags/mod.ts": "019df8a63ed24df2d10be22e8983aa9253623e871228a2f8f328ff2d0404f7ef",
    "https://deno.land/std@0.172.0/_util/asserts.ts": "178dfc49a464aee693a7e285567b3d0b555dc805ff490505a8aae34f9cfb1462",
    "https://deno.land/std@0.172.0/_util/os.ts": "d932f56d41e4f6a6093d56044e29ce637f8dcc43c5a90af43504a889cf1775e3",
    "https://deno.land/std@0.172.0/path/_constants.ts": "e49961f6f4f48039c0dfed3c3f93e963ca3d92791c9d478ac5b43183413136e0",
    "https://deno.land/std@0.172.0/path/_interface.ts": "6471159dfbbc357e03882c2266d21ef9afdb1e4aa771b0545e90db58a0ba314b",
    "https://deno.land/std@0.172.0/path/_util.ts": "86c2375a996c1931b2f2ac71fefd5ddf0cf0e579fa4ab12d3e4c552d4223b8d8",
    "https://deno.land/std@0.172.0/path/common.ts": "ee7505ab01fd22de3963b64e46cff31f40de34f9f8de1fff6a1bd2fe79380000",
    "https://deno.land/std@0.172.0/path/glob.ts": "d479e0a695621c94d3fd7fe7abd4f9499caf32a8de13f25073451c6ef420a4e1",
    "https://deno.land/std@0.172.0/path/mod.ts": "4b83694ac500d7d31b0cdafc927080a53dc0c3027eb2895790fb155082b0d232",
    "https://deno.land/std@0.172.0/path/posix.ts": "0874b341c2c6968ca38d323338b8b295ea1dae10fa872a768d812e2e7d634789",
    "https://deno.land/std@0.172.0/path/separator.ts": "0fb679739d0d1d7bf45b68dacfb4ec7563597a902edbaf3c59b50d5bcadd93b1",
    "https://deno.land/std@0.172.0/path/win32.ts": "672942919dd66ce1b8c224e77d3447e2ad8254eaff13fe6946420a9f78fa141e",
    "https://deno.land/x/utils@2.10.0/cli_utils.ts": "31482d0421061cff8e41da41fd5887f83dcd3f5689a49317a7247de2a5386524",
    "https://deno.land/x/utils@2.10.0/deps/ajv.ts": "fe9795a96972955f6efc1045fe0d572eab3526a017904af193f322b81c753f08",
    "https://deno.land/x/utils@2.10.0/deps/std_flags.ts": "ae8598ac47da777500ba4133f724941ee4b7384111aa5005e8469711c56a80aa",
    "https://deno.land/x/utils@2.10.0/deps/typebox.ts": "aa9930eb50637a2fbce6779e2ab98f0cf879780c3a885f662fe8c8d5492a3270",
    "https://deno.land/x/utils@2.10.0/validation_utils.ts": "2b429d8a6a8b2be81173b1e6b49b1a54aef47c2b785603cf6e6fd48209886db3",
    "https://deno.land/x/xml@2.1.0/mod.ts": "4a314a7a28d1ec92f899ce4c6991f0356c77550a75955ec3f4a36733f08548e8",
    "https://deno.land/x/xml@2.1.0/parse.ts": "614b8648345ae93c641368836947484d321c7ac9312ae12ec750434353cd7385",
    "https://deno.land/x/xml@2.1.0/stringify.ts": "930d35431f153b29d36549cff08fcfbe978e52ccb56af1e3baa2e0760f418b04",
    "https://deno.land/x/xml@2.1.0/utils/parser.ts": "d90380a807e083fcad68ee18e63e62b49c2239009c46592ece82dc8df65f4530",
    "https://deno.land/x/xml@2.1.0/utils/stream.ts": "056e2f368d47932d77e431bbc4a8292359171cc9ce881ea31ce0aae30d763e68",
    "https://deno.land/x/xml@2.1.0/utils/streamable.ts": "1603a5f10c859b95d4e9502365a0fba0b19d5d068356e20d5a6813cd37fee780",
    "https://deno.land/x/xml@2.1.0/utils/stringifier.ts": "6c828e8391808c9e5381ff62299984950c903f976f5afc98250f9ee276d08f93",
    "https://deno.land/x/xml@2.1.0/utils/types.ts": "5fc5c558337b8a82016629117e7fa348faec50951c878d14d293843aa5e92e1d",
    "https://esm.sh/ajv-formats@2.1.1?pin=v106": "0500e3e6c24a98fdc738d73a1cc7ddafde86fecffd97c0ffb7371fcf83909ac4",
    "https://esm.sh/ajv@8.12.0?pin=v106": "8bbb336a8a5e8859505feeeffae8cd5daadfc55e0c284ab9e4d5ddb5bcb8e5bd",
    "https://esm.sh/immer@9.0.19?pin=v106": "2e473d0a436ffa7ab2953b79ba149e488a392a89d7d9f4775de97981ec46debc",
    "https://esm.sh/v106/ajv-formats@2.1.1/denonext/ajv-formats.mjs": "c7b310d807c9a43e0ff11378d910a96cea076cdb6af20aa5cb73e80f16d0ec16",
    "https://esm.sh/v106/ajv@8.12.0/denonext/ajv.mjs": "a6fb3969014475e6fcd9cbea3871d660382a8f34ed3375d701f88e09124f2053",
    "https://esm.sh/v106/ajv@8.12.0/denonext/dist/compile/codegen.js": "d981238e5b1e78217e1c6db59cbd594369279722c608ed630d08717ee44edd84",
    "https://esm.sh/v106/fast-deep-equal@3.1.3/denonext/fast-deep-equal.mjs": "6313b3e05436550e1c0aeb2a282206b9b8d9213b4c6f247964dd7bb4835fb9e5",
    "https://esm.sh/v106/immer@9.0.19/denonext/immer.mjs": "cb395ddd29f5d35b3e80056248675fd26ede2a384b9a02278d0d642f730de072",
    "https://esm.sh/v106/json-schema-traverse@1.0.0/denonext/json-schema-traverse.mjs": "c5da8353bc014e49ebbb1a2c0162d29969a14c325da19644e511f96ba670cc45",
    "https://esm.sh/v106/uri-js@4.4.1/denonext/uri-js.mjs": "901d462f9db207376b39ec603d841d87e6b9e9568ce97dfaab12aa77d0f99f74",
    "https://raw.githubusercontent.com/shopstic/typebox/0.23.3/src/typebox.ts": "262a7c504d57e11e9462a7a46b867ae6a726641083eadceab7c31fc68d4c113a"
  }
}
